
Microsoft Visual Studio Solution File, Format Version 12.00
# Visual Studio 14
VisualStudioVersion = 14.0.23107.0
MinimumVisualStudioVersion = 10.0.40219.1
Project("{FAE04EC0-301F-11D3-BF4B-00C04F79EFBC}") = "KLayLayeredCSharp", "KLayLayeredCSharp\KLayLayeredCSharp.csproj", "{DBD8A765-EEE1-491A-A9AF-06D464E559A4}"
EndProject
Project("{FAE04EC0-301F-11D3-BF4B-00C04F79EFBC}") = "KLay.Core", "KLay.Core\KLay.Core.csproj", "{A26814DC-2638-4322-A61A-3D02F6131584}"
EndProject
Project("{FAE04EC0-301F-11D3-BF4B-00C04F79EFBC}") = "KLay.Core.KGraph", "KLay.Core.KGraph\KLay.Core.KGraph.csproj", "{FB51460E-C373-409C-ACA5-7B3F1228F365}"
EndProject
Project("{FAE04EC0-301F-11D3-BF4B-00C04F79EFBC}") = "KLay.Kiml", "KLay.Kiml\KLay.Kiml.csproj", "{23C4A04C-F74B-4943-B9EF-64AFD2F3F3C0}"
EndProject
Project("{2150E333-8FDC-42A3-9474-1A3956D46DE8}") = "10Core", "10Core", "{EB7AD76D-C918-4B2F-9AF0-309D65E4C577}"
EndProject
Project("{2150E333-8FDC-42A3-9474-1A3956D46DE8}") = "20KIML", "20KIML", "{C7B17EFE-C781-487F-91DE-C01BE4A8E674}"
EndProject
Project("{2150E333-8FDC-42A3-9474-1A3956D46DE8}") = "30KGraph", "30KGraph", "{AE29ABC4-7217-4C52-94CC-1654D1222CEA}"
EndProject
Project("{2150E333-8FDC-42A3-9474-1A3956D46DE8}") = "40Util", "40Util", "{C8CCE026-DA43-493B-B3F3-7076F6B05C04}"
EndProject
Project("{FAE04EC0-301F-11D3-BF4B-00C04F79EFBC}") = "KLay.Util", "KLay.Util\KLay.Util.csproj", "{8FA4B6D7-6AC5-4350-B7E1-E6C4F1BEFFB2}"
EndProject
Global
	GlobalSection(SolutionConfigurationPlatforms) = preSolution
		Debug|Any CPU = Debug|Any CPU
		Release|Any CPU = Release|Any CPU
	EndGlobalSection
	GlobalSection(ProjectConfigurationPlatforms) = postSolution
		{DBD8A765-EEE1-491A-A9AF-06D464E559A4}.Debug|Any CPU.ActiveCfg = Debug|Any CPU
		{DBD8A765-EEE1-491A-A9AF-06D464E559A4}.Debug|Any CPU.Build.0 = Debug|Any CPU
		{DBD8A765-EEE1-491A-A9AF-06D464E559A4}.Release|Any CPU.ActiveCfg = Release|Any CPU
		{DBD8A765-EEE1-491A-A9AF-06D464E559A4}.Release|Any CPU.Build.0 = Release|Any CPU
		{A26814DC-2638-4322-A61A-3D02F6131584}.Debug|Any CPU.ActiveCfg = Debug|Any CPU
		{A26814DC-2638-4322-A61A-3D02F6131584}.Debug|Any CPU.Build.0 = Debug|Any CPU
		{A26814DC-2638-4322-A61A-3D02F6131584}.Release|Any CPU.ActiveCfg = Release|Any CPU
		{A26814DC-2638-4322-A61A-3D02F6131584}.Release|Any CPU.Build.0 = Release|Any CPU
		{FB51460E-C373-409C-ACA5-7B3F1228F365}.Debug|Any CPU.ActiveCfg = Debug|Any CPU
		{FB51460E-C373-409C-ACA5-7B3F1228F365}.Debug|Any CPU.Build.0 = Debug|Any CPU
		{FB51460E-C373-409C-ACA5-7B3F1228F365}.Release|Any CPU.ActiveCfg = Release|Any CPU
		{FB51460E-C373-409C-ACA5-7B3F1228F365}.Release|Any CPU.Build.0 = Release|Any CPU
		{23C4A04C-F74B-4943-B9EF-64AFD2F3F3C0}.Debug|Any CPU.ActiveCfg = Debug|Any CPU
		{23C4A04C-F74B-4943-B9EF-64AFD2F3F3C0}.Debug|Any CPU.Build.0 = Debug|Any CPU
		{23C4A04C-F74B-4943-B9EF-64AFD2F3F3C0}.Release|Any CPU.ActiveCfg = Release|Any CPU
		{23C4A04C-F74B-4943-B9EF-64AFD2F3F3C0}.Release|Any CPU.Build.0 = Release|Any CPU
		{8FA4B6D7-6AC5-4350-B7E1-E6C4F1BEFFB2}.Debug|Any CPU.ActiveCfg = Debug|Any CPU
		{8FA4B6D7-6AC5-4350-B7E1-E6C4F1BEFFB2}.Debug|Any CPU.Build.0 = Debug|Any CPU
		{8FA4B6D7-6AC5-4350-B7E1-E6C4F1BEFFB2}.Release|Any CPU.ActiveCfg = Release|Any CPU
		{8FA4B6D7-6AC5-4350-B7E1-E6C4F1BEFFB2}.Release|Any CPU.Build.0 = Release|Any CPU
	EndGlobalSection
	GlobalSection(SolutionProperties) = preSolution
		HideSolutionNode = FALSE
	EndGlobalSection
	GlobalSection(NestedProjects) = preSolution
		{A26814DC-2638-4322-A61A-3D02F6131584} = {EB7AD76D-C918-4B2F-9AF0-309D65E4C577}
		{FB51460E-C373-409C-ACA5-7B3F1228F365} = {AE29ABC4-7217-4C52-94CC-1654D1222CEA}
		{23C4A04C-F74B-4943-B9EF-64AFD2F3F3C0} = {C7B17EFE-C781-487F-91DE-C01BE4A8E674}
		{8FA4B6D7-6AC5-4350-B7E1-E6C4F1BEFFB2} = {C8CCE026-DA43-493B-B3F3-7076F6B05C04}
	EndGlobalSection
EndGlobal
